
Microsoft Visual Studio Solution File, Format Version 12.00
# Visual Studio Version 16
VisualStudioVersion = 16.0.31410.357
MinimumVisualStudioVersion = 10.0.40219.1
Project("{9A19103F-16F7-4668-BE54-9A1E7A4F7556}") = "StudyDemo1", "StudyDemo1\StudyDemo1.csproj", "{95759647-2E08-469E-AF76-EEF46323DF8A}"
EndProject
Project("{9A19103F-16F7-4668-BE54-9A1E7A4F7556}") = "StudyDemo2_ORM", "StudyDemo2_ORM\StudyDemo2_ORM.csproj", "{B1536740-B0F1-40B8-89F3-1C6657F39DE0}"
EndProject
Project("{9A19103F-16F7-4668-BE54-9A1E7A4F7556}") = "z_AdminLTE", "z_AdminLTE\z_AdminLTE.csproj", "{E618A22B-6D2D-4985-8900-43823AF6D3B2}"
EndProject
Project("{FAE04EC0-301F-11D3-BF4B-00C04F79EFBC}") = "StudyDemo3_Dapper", "StudyDemo3_Dapper1\StudyDemo3_Dapper.csproj", "{3B093373-7446-4256-9EC6-11402D30DCAD}"
EndProject
Global
	GlobalSection(SolutionConfigurationPlatforms) = preSolution
		Debug|Any CPU = Debug|Any CPU
		Release|Any CPU = Release|Any CPU
	EndGlobalSection
	GlobalSection(ProjectConfigurationPlatforms) = postSolution
		{95759647-2E08-469E-AF76-EEF46323DF8A}.Debug|Any CPU.ActiveCfg = Debug|Any CPU
		{95759647-2E08-469E-AF76-EEF46323DF8A}.Debug|Any CPU.Build.0 = Debug|Any CPU
		{95759647-2E08-469E-AF76-EEF46323DF8A}.Release|Any CPU.ActiveCfg = Release|Any CPU
		{95759647-2E08-469E-AF76-EEF46323DF8A}.Release|Any CPU.Build.0 = Release|Any CPU
		{B1536740-B0F1-40B8-89F3-1C6657F39DE0}.Debug|Any CPU.ActiveCfg = Debug|Any CPU
		{B1536740-B0F1-40B8-89F3-1C6657F39DE0}.Debug|Any CPU.Build.0 = Debug|Any CPU
		{B1536740-B0F1-40B8-89F3-1C6657F39DE0}.Release|Any CPU.ActiveCfg = Release|Any CPU
		{B1536740-B0F1-40B8-89F3-1C6657F39DE0}.Release|Any CPU.Build.0 = Release|Any CPU
		{E618A22B-6D2D-4985-8900-43823AF6D3B2}.Debug|Any CPU.ActiveCfg = Debug|Any CPU
		{E618A22B-6D2D-4985-8900-43823AF6D3B2}.Debug|Any CPU.Build.0 = Debug|Any CPU
		{E618A22B-6D2D-4985-8900-43823AF6D3B2}.Release|Any CPU.ActiveCfg = Release|Any CPU
		{E618A22B-6D2D-4985-8900-43823AF6D3B2}.Release|Any CPU.Build.0 = Release|Any CPU
		{3B093373-7446-4256-9EC6-11402D30DCAD}.Debug|Any CPU.ActiveCfg = Debug|Any CPU
		{3B093373-7446-4256-9EC6-11402D30DCAD}.Debug|Any CPU.Build.0 = Debug|Any CPU
		{3B093373-7446-4256-9EC6-11402D30DCAD}.Release|Any CPU.ActiveCfg = Release|Any CPU
		{3B093373-7446-4256-9EC6-11402D30DCAD}.Release|Any CPU.Build.0 = Release|Any CPU
	EndGlobalSection
	GlobalSection(SolutionProperties) = preSolution
		HideSolutionNode = FALSE
	EndGlobalSection
	GlobalSection(ExtensibilityGlobals) = postSolution
		SolutionGuid = {3BE2E883-5B52-4E3A-9051-B0D0A850F441}
	EndGlobalSection
EndGlobal
